{
  "requires": true,
  "lockfileVersion": 1,
  "dependencies": {
    "react-native-storage": {
      "version": "0.1.5",
      "resolved": "https://registry.npmjs.org/react-native-storage/-/react-native-storage-0.1.5.tgz",
      "integrity": "sha1-kdd1YOQcyeYtWHtVohs9brq6VZk="
    },
    "react_native_mqtt": {
      "version": "1.3.1",
      "resolved": "https://registry.npmjs.org/react_native_mqtt/-/react_native_mqtt-1.3.1.tgz",
      "integrity": "sha512-G7xlNwNvvbm+kGRuJUDeK2ij7SlHt2K06bJ56WyxOyMKiHccmm+cCT/PhoJaY6OtYXC3Mq17oGQVHSpu6mQeMQ==",
      "requires": {
        "react-native-storage": "^0.1.2"
      }
    }
  }
}
